Microsoft Visual Studio Solution File, Format Version 12.00
# Visual Studio Version 16
VisualStudioVersion = 16.0.30804.86
MinimumVisualStudioVersion = 10.0.40219.1
Project("{FAE04EC0-301F-11D3-BF4B-00C04F79EFBC}") = "VNTextPatch.Shared", "VNTextPatch.Shared\VNTextPatch.Shared.csproj", "{8EE55BD1-AB95-4528-BF36-B9962DC54166}"
EndProject
Project("{FAE04EC0-301F-11D3-BF4B-00C04F79EFBC}") = "VNTextPatch", "VNTextPatch\VNTextPatch.csproj", "{A28AA5F9-3F77-411A-AEDD-9DEA5FBBA6E0}"
EndProject
Global
	GlobalSection(SolutionConfigurationPlatforms) = preSolution
		Debug|Any CPU = Debug|Any CPU
		Release|Any CPU = Release|Any CPU
	EndGlobalSection
	GlobalSection(ProjectConfigurationPlatforms) = postSolution
		{8EE55BD1-AB95-4528-BF36-B9962DC54166}.Debug|Any CPU.ActiveCfg = Debug|Any CPU
		{8EE55BD1-AB95-4528-BF36-B9962DC54166}.Debug|Any CPU.Build.0 = Debug|Any CPU
		{8EE55BD1-AB95-4528-BF36-B9962DC54166}.Release|Any CPU.ActiveCfg = Release|Any CPU
		{8EE55BD1-AB95-4528-BF36-B9962DC54166}.Release|Any CPU.Build.0 = Release|Any CPU
		{A28AA5F9-3F77-411A-AEDD-9DEA5FBBA6E0}.Debug|Any CPU.ActiveCfg = Debug|Any CPU
		{A28AA5F9-3F77-411A-AEDD-9DEA5FBBA6E0}.Debug|Any CPU.Build.0 = Debug|Any CPU
		{A28AA5F9-3F77-411A-AEDD-9DEA5FBBA6E0}.Release|Any CPU.ActiveCfg = Release|Any CPU
		{A28AA5F9-3F77-411A-AEDD-9DEA5FBBA6E0}.Release|Any CPU.Build.0 = Release|Any CPU
	EndGlobalSection
	GlobalSection(SolutionProperties) = preSolution
		HideSolutionNode = FALSE
	EndGlobalSection
	GlobalSection(ExtensibilityGlobals) = postSolution
		SolutionGuid = {41514A0D-2E8B-4B8D-B2B5-355EEDC753B7}
	EndGlobalSection
EndGlobal
